PackratFormat: 1.4
PackratVersion: 0.4.0.4
RVersion: 3.1.1
Repos: CRAN=http://lib.stat.cmu.edu/R/CRAN/

Package: packrat
Source: github
Version: 0.4.0.4
GithubRepo: packrat
GithubUsername: rstudio
GithubRef: master
GithubSha1: ce9fb1de3ed490d3f85b0cae4534a3e998db659e
Hash: ce9fb1de3ed490d3f85b0cae4534a3e998db659e

Package: Rcpp
Source: CRAN
Version: 0.11.2
Hash: ef2b1a5e45d1461bd720e4ebbe48e601

Package: RcppArmadillo
Source: CRAN
Version: 0.4.320.0
Hash: 864c201d0a000cad6a289f091a7c0231
Requires: Rcpp
